
Microsoft Visual Studio Solution File, Format Version 12.00
# Visual Studio Version 17
VisualStudioVersion = 17.7.34024.191
MinimumVisualStudioVersion = 10.0.40219.1
Project("{FAE04EC0-301F-11D3-BF4B-00C04F79EFBC}") = "Laboratorio1", "Laboratorio1\Laboratorio1.csproj", "{07AFDB90-4157-406E-B77E-F5DB776D5FC8}"
EndProject
Project("{FAE04EC0-301F-11D3-BF4B-00C04F79EFBC}") = "Laboratorio1.Tests", "Laboratorio1.Tests\Laboratorio1.Tests.csproj", "{CDBD6014-36D7-4DA6-AE35-E78CB6B9BDD4}"
EndProject
Global
	GlobalSection(SolutionConfigurationPlatforms) = preSolution
		Debug|Any CPU = Debug|Any CPU
		Release|Any CPU = Release|Any CPU
	EndGlobalSection
	GlobalSection(ProjectConfigurationPlatforms) = postSolution
		{07AFDB90-4157-406E-B77E-F5DB776D5FC8}.Debug|Any CPU.ActiveCfg = Debug|Any CPU
		{07AFDB90-4157-406E-B77E-F5DB776D5FC8}.Debug|Any CPU.Build.0 = Debug|Any CPU
		{07AFDB90-4157-406E-B77E-F5DB776D5FC8}.Release|Any CPU.ActiveCfg = Release|Any CPU
		{07AFDB90-4157-406E-B77E-F5DB776D5FC8}.Release|Any CPU.Build.0 = Release|Any CPU
		{CDBD6014-36D7-4DA6-AE35-E78CB6B9BDD4}.Debug|Any CPU.ActiveCfg = Debug|Any CPU
		{CDBD6014-36D7-4DA6-AE35-E78CB6B9BDD4}.Debug|Any CPU.Build.0 = Debug|Any CPU
		{CDBD6014-36D7-4DA6-AE35-E78CB6B9BDD4}.Release|Any CPU.ActiveCfg = Release|Any CPU
		{CDBD6014-36D7-4DA6-AE35-E78CB6B9BDD4}.Release|Any CPU.Build.0 = Release|Any CPU
	EndGlobalSection
	GlobalSection(SolutionProperties) = preSolution
		HideSolutionNode = FALSE
	EndGlobalSection
	GlobalSection(ExtensibilityGlobals) = postSolution
		SolutionGuid = {4471F7E7-2862-4F59-97B0-969901AC2858}
	EndGlobalSection
EndGlobal
